
Microsoft Visual Studio Solution File, Format Version 12.00
# Visual Studio Version 17
VisualStudioVersion = 17.14.36212.18
MinimumVisualStudioVersion = 10.0.40219.1
Project("{FAE04EC0-301F-11D3-BF4B-00C04F79EFBC}") = "SpaceInvaders.Server", "SpaceInvaders.Server\SpaceInvaders.Server.csproj", "{542E63E1-841D-4E9E-8F61-F3844C74F7DA}"
EndProject
Project("{FAE04EC0-301F-11D3-BF4B-00C04F79EFBC}") = "SpaceInvaders.Common", "SpaceInvader.Common\SpaceInvaders.Common.csproj", "{62231226-13C1-442E-9225-EB8BBC70E32A}"
EndProject
Project("{FAE04EC0-301F-11D3-BF4B-00C04F79EFBC}") = "SpaceInvaders.Network", "SpaceInvaders.Network\SpaceInvaders.Network.csproj", "{A44F7DE1-51DE-450C-824C-3AAAEC3C1B3C}"
EndProject
Project("{FAE04EC0-301F-11D3-BF4B-00C04F79EFBC}") = "SpaceInvaders.Client", "SpaceInvaders.Client\SpaceInvaders.Client.csproj", "{637B76BA-FABB-498B-B74A-B9F8D286CFF2}"
EndProject
Global
	GlobalSection(SolutionConfigurationPlatforms) = preSolution
		Debug|Any CPU = Debug|Any CPU
		Release|Any CPU = Release|Any CPU
	EndGlobalSection
	GlobalSection(ProjectConfigurationPlatforms) = postSolution
		{542E63E1-841D-4E9E-8F61-F3844C74F7DA}.Debug|Any CPU.ActiveCfg = Debug|Any CPU
		{542E63E1-841D-4E9E-8F61-F3844C74F7DA}.Debug|Any CPU.Build.0 = Debug|Any CPU
		{542E63E1-841D-4E9E-8F61-F3844C74F7DA}.Release|Any CPU.ActiveCfg = Release|Any CPU
		{542E63E1-841D-4E9E-8F61-F3844C74F7DA}.Release|Any CPU.Build.0 = Release|Any CPU
		{62231226-13C1-442E-9225-EB8BBC70E32A}.Debug|Any CPU.ActiveCfg = Debug|Any CPU
		{62231226-13C1-442E-9225-EB8BBC70E32A}.Debug|Any CPU.Build.0 = Debug|Any CPU
		{62231226-13C1-442E-9225-EB8BBC70E32A}.Release|Any CPU.ActiveCfg = Release|Any CPU
		{62231226-13C1-442E-9225-EB8BBC70E32A}.Release|Any CPU.Build.0 = Release|Any CPU
		{A44F7DE1-51DE-450C-824C-3AAAEC3C1B3C}.Debug|Any CPU.ActiveCfg = Debug|Any CPU
		{A44F7DE1-51DE-450C-824C-3AAAEC3C1B3C}.Debug|Any CPU.Build.0 = Debug|Any CPU
		{A44F7DE1-51DE-450C-824C-3AAAEC3C1B3C}.Release|Any CPU.ActiveCfg = Release|Any CPU
		{A44F7DE1-51DE-450C-824C-3AAAEC3C1B3C}.Release|Any CPU.Build.0 = Release|Any CPU
		{637B76BA-FABB-498B-B74A-B9F8D286CFF2}.Debug|Any CPU.ActiveCfg = Debug|Any CPU
		{637B76BA-FABB-498B-B74A-B9F8D286CFF2}.Debug|Any CPU.Build.0 = Debug|Any CPU
		{637B76BA-FABB-498B-B74A-B9F8D286CFF2}.Release|Any CPU.ActiveCfg = Release|Any CPU
		{637B76BA-FABB-498B-B74A-B9F8D286CFF2}.Release|Any CPU.Build.0 = Release|Any CPU
	EndGlobalSection
	GlobalSection(SolutionProperties) = preSolution
		HideSolutionNode = FALSE
	EndGlobalSection
	GlobalSection(ExtensibilityGlobals) = postSolution
		SolutionGuid = {3CB963D4-A66D-4431-8C43-39B9781987E0}
	EndGlobalSection
EndGlobal
